{
  "requires": true,
  "lockfileVersion": 1,
  "dependencies": {
    "@types/lodash": {
      "version": "4.14.175",
      "resolved": "https://registry.npmjs.org/@types/lodash/-/lodash-4.14.175.tgz",
      "integrity": "sha512-XmdEOrKQ8a1Y/yxQFOMbC47G/V2VDO1GvMRnl4O75M4GW/abC5tnfzadQYkqEveqRM1dEJGFFegfPNA2vvx2iw==",
      "dev": true
    },
    "firebase-functions-test": {
      "version": "0.3.3",
      "resolved": "https://registry.npmjs.org/firebase-functions-test/-/firebase-functions-test-0.3.3.tgz",
      "integrity": "sha512-dCppF/2Ztv87IyyBaUQlT1Z05ial5v/3LB0huS2ktXz05yNiID5FVIKtO0/+w9Q7/SThJ8qIDG0hoGDPt4Xcug==",
      "dev": true,
      "requires": {
        "@types/lodash": "^4.14.104",
        "lodash": "^4.17.5"
      }
    },
    "lodash": {
      "version": "4.17.21",
      "resolved": "https://registry.npmjs.org/lodash/-/lodash-4.17.21.tgz",
      "integrity": "sha512-v2kDEe57lecTulaDIuNTPy3Ry4gLGJ6Z1O3vE1krgXZNrsQ+LFTGHVxVjcXPs17LhbZVGedAJv8XZ1tvj5FvSg==",
      "dev": true
    }
  }
}
